
Microsoft Visual Studio Solution File, Format Version 12.00
# Visual Studio 15
VisualStudioVersion = 15.0.27130.2020
MinimumVisualStudioVersion = 10.0.40219.1
Project("{1D725090-F4B9-427F-85AD-E2EEE45BD940}") = "NuciAPI.Middleware.Security", "NuciAPI.Middleware.Security\NuciAPI.Middleware.Security.csproj", "{5E0E9953-CB1C-4EC8-94F7-DDC503AC10FA}"
EndProject
Project("{984C06A5-BDE9-4599-882E-E835627308B4}") = "NuciAPI.Middleware.Security.UnitTests", "NuciAPI.Middleware.Security.UnitTests\NuciAPI.Middleware.Security.UnitTests.csproj", "{B4CC851E-D6C4-4804-BADF-048442356C92}"
EndProject
Global
	GlobalSection(SolutionConfigurationPlatforms) = preSolution
		Debug|Any CPU = Debug|Any CPU
		Release|Any CPU = Release|Any CPU
	EndGlobalSection
	GlobalSection(ProjectConfigurationPlatforms) = postSolution
		{5E0E9953-CB1C-4EC8-94F7-DDC503AC10FA}.Debug|Any CPU.ActiveCfg = Debug|Any CPU
		{5E0E9953-CB1C-4EC8-94F7-DDC503AC10FA}.Debug|Any CPU.Build.0 = Debug|Any CPU
		{5E0E9953-CB1C-4EC8-94F7-DDC503AC10FA}.Release|Any CPU.ActiveCfg = Release|Any CPU
		{5E0E9953-CB1C-4EC8-94F7-DDC503AC10FA}.Release|Any CPU.Build.0 = Release|Any CPU
		{B4CC851E-D6C4-4804-BADF-048442356C92}.Debug|Any CPU.ActiveCfg = Debug|Any CPU
		{B4CC851E-D6C4-4804-BADF-048442356C92}.Debug|Any CPU.Build.0 = Debug|Any CPU
		{B4CC851E-D6C4-4804-BADF-048442356C92}.Debug|x64.ActiveCfg = Debug|Any CPU
		{B4CC851E-D6C4-4804-BADF-048442356C92}.Debug|x64.Build.0 = Debug|Any CPU
		{B4CC851E-D6C4-4804-BADF-048442356C92}.Debug|x86.ActiveCfg = Debug|Any CPU
		{B4CC851E-D6C4-4804-BADF-048442356C92}.Debug|x86.Build.0 = Debug|Any CPU
		{B4CC851E-D6C4-4804-BADF-048442356C92}.Release|Any CPU.ActiveCfg = Release|Any CPU
		{B4CC851E-D6C4-4804-BADF-048442356C92}.Release|Any CPU.Build.0 = Release|Any CPU
		{B4CC851E-D6C4-4804-BADF-048442356C92}.Release|x64.ActiveCfg = Release|Any CPU
		{B4CC851E-D6C4-4804-BADF-048442356C92}.Release|x64.Build.0 = Release|Any CPU
		{B4CC851E-D6C4-4804-BADF-048442356C92}.Release|x86.ActiveCfg = Release|Any CPU
		{B4CC851E-D6C4-4804-BADF-048442356C92}.Release|x86.Build.0 = Release|Any CPU
	EndGlobalSection
	GlobalSection(SolutionProperties) = preSolution
		HideSolutionNode = FALSE
	EndGlobalSection
EndGlobal
